
Microsoft Visual Studio Solution File, Format Version 12.00
# Visual Studio Version 18
VisualStudioVersion = 18.0.11217.181 d18.0
MinimumVisualStudioVersion = 10.0.40219.1
Project("{FAE04EC0-301F-11D3-BF4B-00C04F79EFBC}") = "MovieApiWrite", "MovieApiWrite.csproj", "{8F9C98EB-F188-DBFE-DC03-A10C4327E232}"
EndProject
Global
	GlobalSection(SolutionConfigurationPlatforms) = preSolution
		Debug|Any CPU = Debug|Any CPU
		Release|Any CPU = Release|Any CPU
	EndGlobalSection
	GlobalSection(ProjectConfigurationPlatforms) = postSolution
		{8F9C98EB-F188-DBFE-DC03-A10C4327E232}.Debug|Any CPU.ActiveCfg = Debug|Any CPU
		{8F9C98EB-F188-DBFE-DC03-A10C4327E232}.Debug|Any CPU.Build.0 = Debug|Any CPU
		{8F9C98EB-F188-DBFE-DC03-A10C4327E232}.Release|Any CPU.ActiveCfg = Release|Any CPU
		{8F9C98EB-F188-DBFE-DC03-A10C4327E232}.Release|Any CPU.Build.0 = Release|Any CPU
	EndGlobalSection
	GlobalSection(SolutionProperties) = preSolution
		HideSolutionNode = FALSE
	EndGlobalSection
	GlobalSection(ExtensibilityGlobals) = postSolution
		SolutionGuid = {B3B18D12-A206-483F-A2BD-F58C65B30006}
	EndGlobalSection
EndGlobal
